// !$*UTF8*$!
{
	archiveVersion = 1;
	classes = {
	};
	objectVersion = 46;
	objects = {

/* Begin PBXBuildFile section */
		DD05C0031E8EFB1900581874 /* main.m in Sources */ = {isa = PBXBuildFile; fileRef = DD05C0021E8EFB1900581874 /* main.m */; };
		DD05C00B1E8EFB1B00581874 /* Assets.xcassets in Resources */ = {isa = PBXBuildFile; fileRef = DD05C00A1E8EFB1B00581874 /* Assets.xcassets */; };
		DD05C00E1E8EFB1C00581874 /* Main.storyboard in Resources */ = {isa = PBXBuildFile; fileRef = DD05C00C1E8EFB1C00581874 /* Main.storyboard */; };
		DD24ACEC1E9D51450035B6C6 /* MediaLibrary.framework in Frameworks */ = {isa = PBXBuildFile; fileRef = DD24ACEB1E9D51450035B6C6 /* MediaLibrary.framework */; };
		DD9DBDCA1EAB587400D2BC00 /* AppDelegate.m in Sources */ = {isa = PBXBuildFile; fileRef = DD9DBDC31EAB587400D2BC00 /* AppDelegate.m */; };
		DD9DBDCB1EAB587400D2BC00 /* Document.m in Sources */ = {isa = PBXBuildFile; fileRef = DD9DBDC61EAB587400D2BC00 /* Document.m */; };
		DD9DBDCC1EAB587400D2BC00 /* ViewController.m in Sources */ = {isa = PBXBuildFile; fileRef = DD9DBDC91EAB587400D2BC00 /* ViewController.m */; };
		DD9DBDD21EAB59B500D2BC00 /* UploadScreenshotManager.m in Sources */ = {isa = PBXBuildFile; fileRef = DD9DBDD11EAB59B500D2BC00 /* UploadScreenshotManager.m */; };
		DD9DBDDC1EAB790C00D2BC00 /* NSObject+ImageMerging.m in Sources */ = {isa = PBXBuildFile; fileRef = DD9DBDDB1EAB790C00D2BC00 /* NSObject+ImageMerging.m */; };
		DD9DBDE01EAB7A3F00D2BC00 /* SaveScreenshotManager.m in Sources */ = {isa = PBXBuildFile; fileRef = DD9DBDDF1EAB7A3F00D2BC00 /* SaveScreenshotManager.m */; };
/* End PBXBuildFile section */

/* Begin PBXFileReference section */
		DD05BFFB1E8EFB1700581874 /* DSScreenshotBuilder.app */ = {isa = PBXFileReference; explicitFileType = wrapper.application; includeInIndex = 0; path = DSScreenshotBuilder.app; sourceTree = BUILT_PRODUCTS_DIR; };
		DD05C0021E8EFB1900581874 /* main.m */ = {isa = PBXFileReference; lastKnownFileType = sourcecode.c.objc; path = main.m; sourceTree = "<group>"; };
		DD05C00A1E8EFB1B00581874 /* Assets.xcassets */ = {isa = PBXFileReference; lastKnownFileType = folder.assetcatalog; path = Assets.xcassets; sourceTree = "<group>"; };
		DD05C00D1E8EFB1C00581874 /* Base */ = {isa = PBXFileReference; lastKnownFileType = file.storyboard; name = Base; path = Base.lproj/Main.storyboard; sourceTree = "<group>"; };
		DD05C00F1E8EFB1C00581874 /* Info.plist */ = {isa = PBXFileReference; lastKnownFileType = text.plist.xml; path = Info.plist; sourceTree = "<group>"; };
		DD24ACEB1E9D51450035B6C6 /* MediaLibrary.framework */ = {isa = PBXFileReference; lastKnownFileType = wrapper.framework; name = MediaLibrary.framework; path = System/Library/Frameworks/MediaLibrary.framework; sourceTree = SDKROOT; };
		DD9DBDC21EAB587400D2BC00 /* AppDelegate.h */ = {isa = PBXFileReference; fileEncoding = 4; lastKnownFileType = sourcecode.c.h; path = AppDelegate.h; sourceTree = "<group>"; };
		DD9DBDC31EAB587400D2BC00 /* AppDelegate.m */ = {isa = PBXFileReference; fileEncoding = 4; lastKnownFileType = sourcecode.c.objc; path = AppDelegate.m; sourceTree = "<group>"; };
		DD9DBDC51EAB587400D2BC00 /* Document.h */ = {isa = PBXFileReference; fileEncoding = 4; lastKnownFileType = sourcecode.c.h; path = Document.h; sourceTree = "<group>"; };
		DD9DBDC61EAB587400D2BC00 /* Document.m */ = {isa = PBXFileReference; fileEncoding = 4; lastKnownFileType = sourcecode.c.objc; path = Document.m; sourceTree = "<group>"; };
		DD9DBDC81EAB587400D2BC00 /* ViewController.h */ = {isa = PBXFileReference; fileEncoding = 4; lastKnownFileType = sourcecode.c.h; path = ViewController.h; sourceTree = "<group>"; };
		DD9DBDC91EAB587400D2BC00 /* ViewController.m */ = {isa = PBXFileReference; fileEncoding = 4; lastKnownFileType = sourcecode.c.objc; path = ViewController.m; sourceTree = "<group>"; };
		DD9DBDD01EAB59B500D2BC00 /* UploadScreenshotManager.h */ = {isa = PBXFileReference; fileEncoding = 4; lastKnownFileType = sourcecode.c.h; path = UploadScreenshotManager.h; sourceTree = "<group>"; };
		DD9DBDD11EAB59B500D2BC00 /* UploadScreenshotManager.m */ = {isa = PBXFileReference; fileEncoding = 4; lastKnownFileType = sourcecode.c.objc; path = UploadScreenshotManager.m; sourceTree = "<group>"; };
		DD9DBDD81EAB6ADB00D2BC00 /* DSScreenshotBuilder-Prefix.pch */ = {isa = PBXFileReference; fileEncoding = 4; lastKnownFileType = sourcecode.c.h; path = "DSScreenshotBuilder-Prefix.pch"; sourceTree = "<group>"; };
		DD9DBDDA1EAB790C00D2BC00 /* NSObject+ImageMerging.h */ = {isa = PBXFileReference; fileEncoding = 4; lastKnownFileType = sourcecode.c.h; path = "NSObject+ImageMerging.h"; sourceTree = "<group>"; };
		DD9DBDDB1EAB790C00D2BC00 /* NSObject+ImageMerging.m */ = {isa = PBXFileReference; fileEncoding = 4; lastKnownFileType = sourcecode.c.objc; path = "NSObject+ImageMerging.m"; sourceTree = "<group>"; };
		DD9DBDDE1EAB7A3F00D2BC00 /* SaveScreenshotManager.h */ = {isa = PBXFileReference; fileEncoding = 4; lastKnownFileType = sourcecode.c.h; path = SaveScreenshotManager.h; sourceTree = "<group>"; };
		DD9DBDDF1EAB7A3F00D2BC00 /* SaveScreenshotManager.m */ = {isa = PBXFileReference; fileEncoding = 4; lastKnownFileType = sourcecode.c.objc; path = SaveScreenshotManager.m; sourceTree = "<group>"; };
/* End PBXFileReference section */

/* Begin PBXFrameworksBuildPhase section */
		DD05BFF81E8EFB1700581874 /* Frameworks */ = {
			isa = PBXFrameworksBuildPhase;
			buildActionMask = 2147483647;
			files = (
				DD24ACEC1E9D51450035B6C6 /* MediaLibrary.framework in Frameworks */,
			);
			runOnlyForDeploymentPostprocessing = 0;
		};
/* End PBXFrameworksBuildPhase section */

/* Begin PBXGroup section */
		DD05BFF21E8EFB1600581874 = {
			isa = PBXGroup;
			children = (
				DD05BFFD1E8EFB1700581874 /* DSScreenshotBuilder */,
				DD05BFFC1E8EFB1700581874 /* Products */,
				DD24ACEA1E9D51450035B6C6 /* Frameworks */,
			);
			sourceTree = "<group>";
		};
		DD05BFFC1E8EFB1700581874 /* Products */ = {
			isa = PBXGroup;
			children = (
				DD05BFFB1E8EFB1700581874 /* DSScreenshotBuilder.app */,
			);
			name = Products;
			sourceTree = "<group>";
		};
		DD05BFFD1E8EFB1700581874 /* DSScreenshotBuilder */ = {
			isa = PBXGroup;
			children = (
				DD9DBDD31EAB67A400D2BC00 /* ModelClass */,
				DD9DBDCD1EAB595E00D2BC00 /* Managers */,
				DD9DBDC11EAB587400D2BC00 /* AppDelegate */,
				DD9DBDC41EAB587400D2BC00 /* Document */,
				DD9DBDC71EAB587400D2BC00 /* MainViewController */,
				DD05C00A1E8EFB1B00581874 /* Assets.xcassets */,
				DD05C00C1E8EFB1C00581874 /* Main.storyboard */,
				DD05C00F1E8EFB1C00581874 /* Info.plist */,
				DD05C0011E8EFB1900581874 /* Supporting Files */,
			);
			path = DSScreenshotBuilder;
			sourceTree = "<group>";
		};
		DD05C0011E8EFB1900581874 /* Supporting Files */ = {
			isa = PBXGroup;
			children = (
				DD9DBDD81EAB6ADB00D2BC00 /* DSScreenshotBuilder-Prefix.pch */,
				DD05C0021E8EFB1900581874 /* main.m */,
			);
			name = "Supporting Files";
			sourceTree = "<group>";
		};
		DD24ACEA1E9D51450035B6C6 /* Frameworks */ = {
			isa = PBXGroup;
			children = (
				DD24ACEB1E9D51450035B6C6 /* MediaLibrary.framework */,
			);
			name = Frameworks;
			sourceTree = "<group>";
		};
		DD9DBDC11EAB587400D2BC00 /* AppDelegate */ = {
			isa = PBXGroup;
			children = (
				DD9DBDC21EAB587400D2BC00 /* AppDelegate.h */,
				DD9DBDC31EAB587400D2BC00 /* AppDelegate.m */,
			);
			path = AppDelegate;
			sourceTree = "<group>";
		};
		DD9DBDC41EAB587400D2BC00 /* Document */ = {
			isa = PBXGroup;
			children = (
				DD9DBDC51EAB587400D2BC00 /* Document.h */,
				DD9DBDC61EAB587400D2BC00 /* Document.m */,
			);
			path = Document;
			sourceTree = "<group>";
		};
		DD9DBDC71EAB587400D2BC00 /* MainViewController */ = {
			isa = PBXGroup;
			children = (
				DD9DBDC81EAB587400D2BC00 /* ViewController.h */,
				DD9DBDC91EAB587400D2BC00 /* ViewController.m */,
			);
			path = MainViewController;
			sourceTree = "<group>";
		};
		DD9DBDCD1EAB595E00D2BC00 /* Managers */ = {
			isa = PBXGroup;
			children = (
				DD9DBDCE1EAB595E00D2BC00 /* SaveScreenshotManager */,
				DD9DBDCF1EAB595E00D2BC00 /* UploadScreenshotManager */,
			);
			path = Managers;
			sourceTree = "<group>";
		};
		DD9DBDCE1EAB595E00D2BC00 /* SaveScreenshotManager */ = {
			isa = PBXGroup;
			children = (
				DD9DBDDE1EAB7A3F00D2BC00 /* SaveScreenshotManager.h */,
				DD9DBDDF1EAB7A3F00D2BC00 /* SaveScreenshotManager.m */,
			);
			path = SaveScreenshotManager;
			sourceTree = "<group>";
		};
		DD9DBDCF1EAB595E00D2BC00 /* UploadScreenshotManager */ = {
			isa = PBXGroup;
			children = (
				DD9DBDD01EAB59B500D2BC00 /* UploadScreenshotManager.h */,
				DD9DBDD11EAB59B500D2BC00 /* UploadScreenshotManager.m */,
			);
			path = UploadScreenshotManager;
			sourceTree = "<group>";
		};
		DD9DBDD31EAB67A400D2BC00 /* ModelClass */ = {
			isa = PBXGroup;
			children = (
				DD9DBDD91EAB78E700D2BC00 /* MergeImage */,
			);
			path = ModelClass;
			sourceTree = "<group>";
		};
		DD9DBDD91EAB78E700D2BC00 /* MergeImage */ = {
			isa = PBXGroup;
			children = (
				DD9DBDDA1EAB790C00D2BC00 /* NSObject+ImageMerging.h */,
				DD9DBDDB1EAB790C00D2BC00 /* NSObject+ImageMerging.m */,
			);
			path = MergeImage;
			sourceTree = "<group>";
		};
/* End PBXGroup section */

/* Begin PBXNativeTarget section */
		DD05BFFA1E8EFB1700581874 /* DSScreenshotBuilder */ = {
			isa = PBXNativeTarget;
			buildConfigurationList = DD05C0121E8EFB1C00581874 /* Build configuration list for PBXNativeTarget "DSScreenshotBuilder" */;
			buildPhases = (
				DD05BFF71E8EFB1700581874 /* Sources */,
				DD05BFF81E8EFB1700581874 /* Frameworks */,
				DD05BFF91E8EFB1700581874 /* Resources */,
			);
			buildRules = (
			);
			dependencies = (
			);
			name = DSScreenshotBuilder;
			productName = DSScreenshotBuilder;
			productReference = DD05BFFB1E8EFB1700581874 /* DSScreenshotBuilder.app */;
			productType = "com.apple.product-type.application";
		};
/* End PBXNativeTarget section */

/* Begin PBXProject section */
		DD05BFF31E8EFB1600581874 /* Project object */ = {
			isa = PBXProject;
			attributes = {
				LastUpgradeCheck = 0820;
				ORGANIZATIONNAME = Dharasis;
				TargetAttributes = {
					DD05BFFA1E8EFB1700581874 = {
						CreatedOnToolsVersion = 8.2.1;
						ProvisioningStyle = Automatic;
					};
				};
			};
			buildConfigurationList = DD05BFF61E8EFB1600581874 /* Build configuration list for PBXProject "DSScreenshotBuilder" */;
			compatibilityVersion = "Xcode 3.2";
			developmentRegion = English;
			hasScannedForEncodings = 0;
			knownRegions = (
				en,
				Base,
			);
			mainGroup = DD05BFF21E8EFB1600581874;
			productRefGroup = DD05BFFC1E8EFB1700581874 /* Products */;
			projectDirPath = "";
			projectRoot = "";
			targets = (
				DD05BFFA1E8EFB1700581874 /* DSScreenshotBuilder */,
			);
		};
/* End PBXProject section */

/* Begin PBXResourcesBuildPhase section */
		DD05BFF91E8EFB1700581874 /* Resources */ = {
			isa = PBXResourcesBuildPhase;
			buildActionMask = 2147483647;
			files = (
				DD05C00B1E8EFB1B00581874 /* Assets.xcassets in Resources */,
				DD05C00E1E8EFB1C00581874 /* Main.storyboard in Resources */,
			);
			runOnlyForDeploymentPostprocessing = 0;
		};
/* End PBXResourcesBuildPhase section */

/* Begin PBXSourcesBuildPhase section */
		DD05BFF71E8EFB1700581874 /* Sources */ = {
			isa = PBXSourcesBuildPhase;
			buildActionMask = 2147483647;
			files = (
				DD9DBDCC1EAB587400D2BC00 /* ViewController.m in Sources */,
				DD9DBDCB1EAB587400D2BC00 /* Document.m in Sources */,
				DD9DBDD21EAB59B500D2BC00 /* UploadScreenshotManager.m in Sources */,
				DD9DBDE01EAB7A3F00D2BC00 /* SaveScreenshotManager.m in Sources */,
				DD05C0031E8EFB1900581874 /* main.m in Sources */,
				DD9DBDCA1EAB587400D2BC00 /* AppDelegate.m in Sources */,
				DD9DBDDC1EAB790C00D2BC00 /* NSObject+ImageMerging.m in Sources */,
			);
			runOnlyForDeploymentPostprocessing = 0;
		};
/* End PBXSourcesBuildPhase section */

/* Begin PBXVariantGroup section */
		DD05C00C1E8EFB1C00581874 /* Main.storyboard */ = {
			isa = PBXVariantGroup;
			children = (
				DD05C00D1E8EFB1C00581874 /* Base */,
			);
			name = Main.storyboard;
			sourceTree = "<group>";
		};
/* End PBXVariantGroup section */

/* Begin XCBuildConfiguration section */
		DD05C0101E8EFB1C00581874 /* Debug */ = {
			isa = XCBuildConfiguration;
			buildSettings = {
				ALWAYS_SEARCH_USER_PATHS = NO;
				CLANG_ANALYZER_NONNULL = YES;
				CLANG_CXX_LANGUAGE_STANDARD = "gnu++0x";
				CLANG_CXX_LIBRARY = "libc++";
				CLANG_ENABLE_MODULES = YES;
				CLANG_ENABLE_OBJC_ARC = YES;
				CLANG_WARN_BOOL_CONVERSION = YES;
				CLANG_WARN_CONSTANT_CONVERSION = YES;
				CLANG_WARN_DIRECT_OBJC_ISA_USAGE = YES_ERROR;
				CLANG_WARN_DOCUMENTATION_COMMENTS = YES;
				CLANG_WARN_EMPTY_BODY = YES;
				CLANG_WARN_ENUM_CONVERSION = YES;
				CLANG_WARN_INFINITE_RECURSION = YES;
				CLANG_WARN_INT_CONVERSION = YES;
				CLANG_WARN_OBJC_ROOT_CLASS = YES_ERROR;
				CLANG_WARN_SUSPICIOUS_MOVE = YES;
				CLANG_WARN_UNREACHABLE_CODE = YES;
				CLANG_WARN__DUPLICATE_METHOD_MATCH = YES;
				CODE_SIGN_IDENTITY = "-";
				COPY_PHASE_STRIP = NO;
				DEBUG_INFORMATION_FORMAT = dwarf;
				ENABLE_STRICT_OBJC_MSGSEND = YES;
				ENABLE_TESTABILITY = YES;
				GCC_C_LANGUAGE_STANDARD = gnu99;
				GCC_DYNAMIC_NO_PIC = NO;
				GCC_NO_COMMON_BLOCKS = YES;
				GCC_OPTIMIZATION_LEVEL = 0;
				GCC_PREPROCESSOR_DEFINITIONS = (
					"DEBUG=1",
					"$(inherited)",
				);
				GCC_WARN_64_TO_32_BIT_CONVERSION = YES;
				GCC_WARN_ABOUT_RETURN_TYPE = YES_ERROR;
				GCC_WARN_UNDECLARED_SELECTOR = YES;
				GCC_WARN_UNINITIALIZED_AUTOS = YES_AGGRESSIVE;
				GCC_WARN_UNUSED_FUNCTION = YES;
				GCC_WARN_UNUSED_VARIABLE = YES;
				MACOSX_DEPLOYMENT_TARGET = 10.12;
				MTL_ENABLE_DEBUG_INFO = YES;
				ONLY_ACTIVE_ARCH = YES;
				SDKROOT = macosx;
			};
			name = Debug;
		};
		DD05C0111E8EFB1C00581874 /* Release */ = {
			isa = XCBuildConfiguration;
			buildSettings = {
				ALWAYS_SEARCH_USER_PATHS = NO;
				CLANG_ANALYZER_NONNULL = YES;
				CLANG_CXX_LANGUAGE_STANDARD = "gnu++0x";
				CLANG_CXX_LIBRARY = "libc++";
				CLANG_ENABLE_MODULES = YES;
				CLANG_ENABLE_OBJC_ARC = YES;
				CLANG_WARN_BOOL_CONVERSION = YES;
				CLANG_WARN_CONSTANT_CONVERSION = YES;
				CLANG_WARN_DIRECT_OBJC_ISA_USAGE = YES_ERROR;
				CLANG_WARN_DOCUMENTATION_COMMENTS = YES;
				CLANG_WARN_EMPTY_BODY = YES;
				CLANG_WARN_ENUM_CONVERSION = YES;
				CLANG_WARN_INFINITE_RECURSION = YES;
				CLANG_WARN_INT_CONVERSION = YES;
				CLANG_WARN_OBJC_ROOT_CLASS = YES_ERROR;
				CLANG_WARN_SUSPICIOUS_MOVE = YES;
				CLANG_WARN_UNREACHABLE_CODE = YES;
				CLANG_WARN__DUPLICATE_METHOD_MATCH = YES;
				CODE_SIGN_IDENTITY = "-";
				COPY_PHASE_STRIP = NO;
				DEBUG_INFORMATION_FORMAT = "dwarf-with-dsym";
				ENABLE_NS_ASSERTIONS = NO;
				ENABLE_STRICT_OBJC_MSGSEND = YES;
				GCC_C_LANGUAGE_STANDARD = gnu99;
				GCC_NO_COMMON_BLOCKS = YES;
				GCC_WARN_64_TO_32_BIT_CONVERSION = YES;
				GCC_WARN_ABOUT_RETURN_TYPE = YES_ERROR;
				GCC_WARN_UNDECLARED_SELECTOR = YES;
				GCC_WARN_UNINITIALIZED_AUTOS = YES_AGGRESSIVE;
				GCC_WARN_UNUSED_FUNCTION = YES;
				GCC_WARN_UNUSED_VARIABLE = YES;
				MACOSX_DEPLOYMENT_TARGET = 10.12;
				MTL_ENABLE_DEBUG_INFO = NO;
				SDKROOT = macosx;
			};
			name = Release;
		};
		DD05C0131E8EFB1C00581874 /* Debug */ = {
			isa = XCBuildConfiguration;
			buildSettings = {
				ASSETCATALOG_COMPILER_APPICON_NAME = AppIcon;
				COMBINE_HIDPI_IMAGES = YES;
				GCC_PRECOMPILE_PREFIX_HEADER = YES;
				GCC_PREFIX_HEADER = "/Users/dharasis/ScreenBuilder/DSScreenshotBuilder/DSScreenshotBuilder-Prefix.pch";
				INFOPLIST_FILE = DSScreenshotBuilder/Info.plist;
				LD_RUNPATH_SEARCH_PATHS = "$(inherited) @executable_path/../Frameworks";
				PRODUCT_BUNDLE_IDENTIFIER = dharasis.DSScreenshotBuilder;
				PRODUCT_NAME = "$(TARGET_NAME)";
			};
			name = Debug;
		};
		DD05C0141E8EFB1C00581874 /* Release */ = {
			isa = XCBuildConfiguration;
			buildSettings = {
				ASSETCATALOG_COMPILER_APPICON_NAME = AppIcon;
				COMBINE_HIDPI_IMAGES = YES;
				GCC_PRECOMPILE_PREFIX_HEADER = YES;
				GCC_PREFIX_HEADER = "/Users/dharasis/ScreenBuilder/DSScreenshotBuilder/DSScreenshotBuilder-Prefix.pch";
				INFOPLIST_FILE = DSScreenshotBuilder/Info.plist;
				LD_RUNPATH_SEARCH_PATHS = "$(inherited) @executable_path/../Frameworks";
				PRODUCT_BUNDLE_IDENTIFIER = dharasis.DSScreenshotBuilder;
				PRODUCT_NAME = "$(TARGET_NAME)";
			};
			name = Release;
		};
/* End XCBuildConfiguration section */

/* Begin XCConfigurationList section */
		DD05BFF61E8EFB1600581874 /* Build configuration list for PBXProject "DSScreenshotBuilder" */ = {
			isa = XCConfigurationList;
			buildConfigurations = (
				DD05C0101E8EFB1C00581874 /* Debug */,
				DD05C0111E8EFB1C00581874 /* Release */,
			);
			defaultConfigurationIsVisible = 0;
			defaultConfigurationName = Release;
		};
		DD05C0121E8EFB1C00581874 /* Build configuration list for PBXNativeTarget "DSScreenshotBuilder" */ = {
			isa = XCConfigurationList;
			buildConfigurations = (
				DD05C0131E8EFB1C00581874 /* Debug */,
				DD05C0141E8EFB1C00581874 /* Release */,
			);
			defaultConfigurationIsVisible = 0;
			defaultConfigurationName = Release;
		};
/* End XCConfigurationList section */
	};
	rootObject = DD05BFF31E8EFB1600581874 /* Project object */;
}
